
Microsoft Visual Studio Solution File, Format Version 12.00
# Visual Studio 15
VisualStudioVersion = 15.0.27130.2020
MinimumVisualStudioVersion = 10.0.40219.1
Project("{FAE04EC0-301F-11D3-BF4B-00C04F79EFBC}") = "Diffusion", "Diffusion\Diffusion.csproj", "{15595D15-73C4-4200-9659-9A6FEA3F86F1}"
EndProject
Global
	GlobalSection(SolutionConfigurationPlatforms) = preSolution
		Debug|Any CPU = Debug|Any CPU
		Release|Any CPU = Release|Any CPU
	EndGlobalSection
	GlobalSection(ProjectConfigurationPlatforms) = postSolution
		{15595D15-73C4-4200-9659-9A6FEA3F86F1}.Debug|Any CPU.ActiveCfg = Debug|Any CPU
		{15595D15-73C4-4200-9659-9A6FEA3F86F1}.Debug|Any CPU.Build.0 = Debug|Any CPU
		{15595D15-73C4-4200-9659-9A6FEA3F86F1}.Release|Any CPU.ActiveCfg = Release|Any CPU
		{15595D15-73C4-4200-9659-9A6FEA3F86F1}.Release|Any CPU.Build.0 = Release|Any CPU
	EndGlobalSection
	GlobalSection(SolutionProperties) = preSolution
		HideSolutionNode = FALSE
	EndGlobalSection
	GlobalSection(ExtensibilityGlobals) = postSolution
		SolutionGuid = {E69F8BCF-01F0-4F50-8594-7D3B77157F1C}
	EndGlobalSection
EndGlobal
